[[package]]
category = "dev"
description = "Atomic file writes."
marker = "sys_platform == \"win32\""
name = "atomicwrites"
optional = false
python-versions = ">=2.7, !=3.0.*, !=3.1.*, !=3.2.*, !=3.3.*"
version = "1.3.0"

[[package]]
category = "main"
description = "Classes Without Boilerplate"
name = "attrs"
optional = false
python-versions = ">=2.7, !=3.0.*, !=3.1.*, !=3.2.*, !=3.3.*"
version = "19.3.0"

[package.extras]
azure-pipelines = ["coverage", "hypothesis", "pympler", "pytest (>=4.3.0)", "six", "zope.interface", "pytest-azurepipelines"]
dev = ["coverage", "hypothesis", "pympler", "pytest (>=4.3.0)", "six", "zope.interface", "sphinx", "pre-commit"]
docs = ["sphinx", "zope.interface"]
tests = ["coverage", "hypothesis", "pympler", "pytest (>=4.3.0)", "six", "zope.interface"]

[[package]]
category = "dev"
description = "Cross-platform colored terminal text."
marker = "sys_platform == \"win32\""
name = "colorama"
optional = false
python-versions = ">=2.7, !=3.0.*, !=3.1.*, !=3.2.*, !=3.3.*, !=3.4.*"
version = "0.4.3"

[[package]]
category = "dev"
description = "Code coverage measurement for Python"
name = "coverage"
optional = false
python-versions = ">=2.7, !=3.0.*, !=3.1.*, !=3.2.*, !=3.3.*, !=3.4.*, <4"
version = "5.0.1"

[package.extras]
toml = ["toml"]

[[package]]
category = "main"
description = "Read metadata from Python packages"
marker = "python_version < \"3.8\""
name = "importlib-metadata"
optional = false
python-versions = "!=3.0.*,!=3.1.*,!=3.2.*,!=3.3.*,!=3.4.*,>=2.7"
version = "1.3.0"

[package.dependencies]
zipp = ">=0.5"

[package.extras]
docs = ["sphinx", "rst.linker"]
testing = ["packaging", "importlib-resources"]

[[package]]
category = "main"
description = "An implementation of JSON Schema validation for Python"
name = "jsonschema"
optional = false
python-versions = "*"
version = "3.2.0"

[package.dependencies]
attrs = ">=17.4.0"
pyrsistent = ">=0.14.0"
setuptools = "*"
six = ">=1.11.0"

[package.dependencies.importlib-metadata]
python = "<3.8"
version = "*"

[package.extras]
format = ["idna", "jsonpointer (>1.13)", "rfc3987", "strict-rfc3339", "webcolors"]
format_nongpl = ["idna", "jsonpointer (>1.13)", "webcolors", "rfc3986-validator (>0.1.0)", "rfc3339-validator"]

[[package]]
category = "main"
description = "More routines for operating on iterables, beyond itertools"
name = "more-itertools"
optional = false
python-versions = ">=3.5"
version = "8.0.2"

[[package]]
category = "main"
description = "NumPy is the fundamental package for array computing with Python."
name = "numpy"
optional = false
python-versions = ">=3.5"
version = "1.18.0"

[[package]]
category = "dev"
description = "Core utilities for Python packages"
name = "packaging"
optional = false
python-versions = ">=2.7, !=3.0.*, !=3.1.*, !=3.2.*, !=3.3.*"
version = "19.2"

[package.dependencies]
pyparsing = ">=2.0.2"
six = "*"

[[package]]
category = "dev"
description = "Object-oriented filesystem paths"
marker = "python_version < \"3.6\""
name = "pathlib2"
optional = false
python-versions = "*"
version = "2.3.5"

[package.dependencies]
six = "*"

[[package]]
category = "dev"
description = "plugin and hook calling mechanisms for python"
name = "pluggy"
optional = false
python-versions = ">=2.7, !=3.0.*, !=3.1.*, !=3.2.*, !=3.3.*"
version = "0.13.1"

[package.dependencies]
[package.dependencies.importlib-metadata]
python = "<3.8"
version = ">=0.12"

[package.extras]
dev = ["pre-commit", "tox"]

[[package]]
category = "dev"
description = "library with cross-python path, ini-parsing, io, code, log facilities"
name = "py"
optional = false
python-versions = ">=2.7, !=3.0.*, !=3.1.*, !=3.2.*, !=3.3.*"
version = "1.8.1"

[[package]]
category = "main"
description = "Pure python package for DICOM medical file reading and writing"
name = "pydicom"
optional = false
python-versions = "*"
version = "1.3.0"

[[package]]
category = "dev"
description = "Python parsing module"
name = "pyparsing"
optional = false
python-versions = ">=2.6, !=3.0.*, !=3.1.*, !=3.2.*"
version = "2.4.6"

[[package]]
category = "main"
description = "Persistent/Functional/Immutable data structures"
name = "pyrsistent"
optional = false
python-versions = "*"
version = "0.15.6"

[package.dependencies]
six = "*"

[[package]]
category = "dev"
description = "pytest: simple powerful testing with Python"
name = "pytest"
optional = false
python-versions = ">=3.5"
version = "5.3.2"

[package.dependencies]
atomicwrites = ">=1.0"
attrs = ">=17.4.0"
colorama = "*"
more-itertools = ">=4.0.0"
packaging = "*"
pluggy = ">=0.12,<1.0"
py = ">=1.5.0"
wcwidth = "*"

[package.dependencies.importlib-metadata]
python = "<3.8"
version = ">=0.12"

[package.dependencies.pathlib2]
python = "<3.6"
version = ">=2.2.0"

[package.extras]
testing = ["argcomplete", "hypothesis (>=3.56)", "mock", "nose", "requests", "xmlschema"]

[[package]]
category = "main"
description = "SimpleITK is a simplified interface to the Insight Toolkit (ITK) for image registration and segmentation"
name = "simpleitk"
optional = false
python-versions = "*"
version = "1.2.4"

[[package]]
category = "main"
description = "Python 2 and 3 compatibility utilities"
name = "six"
optional = false
python-versions = ">=2.6, !=3.0.*, !=3.1.*"
version = "1.13.0"

[[package]]
category = "dev"
description = "Measures number of Terminal column cells of wide-character codes"
name = "wcwidth"
optional = false
python-versions = "*"
version = "0.1.8"

[[package]]
category = "main"
description = "Backport of pathlib-compatible object wrapper for zip files"
marker = "python_version < \"3.8\""
name = "zipp"
optional = false
python-versions = ">=2.7"
version = "0.6.0"

[package.dependencies]
more-itertools = "*"

[package.extras]
docs = ["sphinx", "jaraco.packaging (>=3.2)", "rst.linker (>=1.9)"]
testing = ["pathlib2", "contextlib2", "unittest2"]

[metadata]
content-hash = "239c6f625143690c7fee0f227724c8d909a94aab8b7a31868feff7ebb2c61c7b"
python-versions = "^3.5"

[metadata.files]
atomicwrites = [
    {file = "atomicwrites-1.3.0-py2.py3-none-any.whl", hash = "sha256:03472c30eb2c5d1ba9227e4c2ca66ab8287fbfbbda3888aa93dc2e28fc6811b4"},
    {file = "atomicwrites-1.3.0.tar.gz", hash = "sha256:75a9445bac02d8d058d5e1fe689654ba5a6556a1dfd8ce6ec55a0ed79866cfa6"},
]
attrs = [
    {file = "attrs-19.3.0-py2.py3-none-any.whl", hash = "sha256:08a96c641c3a74e44eb59afb61a24f2cb9f4d7188748e76ba4bb5edfa3cb7d1c"},
    {file = "attrs-19.3.0.tar.gz", hash = "sha256:f7b7ce16570fe9965acd6d30101a28f62fb4a7f9e926b3bbc9b61f8b04247e72"},
]
colorama = [
    {file = "colorama-0.4.3-py2.py3-none-any.whl", hash = "sha256:7d73d2a99753107a36ac6b455ee49046802e59d9d076ef8e47b61499fa29afff"},
    {file = "colorama-0.4.3.tar.gz", hash = "sha256:e96da0d330793e2cb9485e9ddfd918d456036c7149416295932478192f4436a1"},
]
coverage = [
    {file = "coverage-5.0.1-cp27-cp27m-macosx_10_12_x86_64.whl", hash = "sha256:c90bda74e16bcd03861b09b1d37c0a4158feda5d5a036bb2d6e58de6ff65793e"},
    {file = "coverage-5.0.1-cp27-cp27m-macosx_10_13_intel.whl", hash = "sha256:bb3d29df5d07d5399d58a394d0ef50adf303ab4fbf66dfd25b9ef258effcb692"},
    {file = "coverage-5.0.1-cp27-cp27m-manylinux1_i686.whl", hash = "sha256:1ca43dbd739c0fc30b0a3637a003a0d2c7edc1dd618359d58cc1e211742f8bd1"},
    {file = "coverage-5.0.1-cp27-cp27m-manylinux1_x86_64.whl", hash = "sha256:591506e088901bdc25620c37aec885e82cc896528f28c57e113751e3471fc314"},
    {file = "coverage-5.0.1-cp27-cp27m-win32.whl", hash = "sha256:a50b0888d8a021a3342d36a6086501e30de7d840ab68fca44913e97d14487dc1"},
    {file = "coverage-5.0.1-cp27-cp27m-win_amd64.whl", hash = "sha256:c792d3707a86c01c02607ae74364854220fb3e82735f631cd0a345dea6b4cee5"},
    {file = "coverage-5.0.1-cp27-cp27mu-manylinux1_i686.whl", hash = "sha256:f425f50a6dd807cb9043d15a4fcfba3b5874a54d9587ccbb748899f70dc18c47"},
    {file = "coverage-5.0.1-cp27-cp27mu-manylinux1_x86_64.whl", hash = "sha256:25b8f60b5c7da71e64c18888f3067d5b6f1334b9681876b2fb41eea26de881ae"},
    {file = "coverage-5.0.1-cp35-cp35m-macosx_10_12_x86_64.whl", hash = "sha256:7362a7f829feda10c7265b553455de596b83d1623b3d436b6d3c51c688c57bf6"},
    {file = "coverage-5.0.1-cp35-cp35m-manylinux1_i686.whl", hash = "sha256:fcd4459fe35a400b8f416bc57906862693c9f88b66dc925e7f2a933e77f6b18b"},
    {file = "coverage-5.0.1-cp35-cp35m-manylinux1_x86_64.whl", hash = "sha256:40fbfd6b044c9db13aeec1daf5887d322c710d811f944011757526ef6e323fd9"},
    {file = "coverage-5.0.1-cp35-cp35m-win32.whl", hash = "sha256:7f2675750c50151f806070ec11258edf4c328340916c53bac0adbc465abd6b1e"},
    {file = "coverage-5.0.1-cp35-cp35m-win_amd64.whl", hash = "sha256:24bcfa86fd9ce86b73a8368383c39d919c497a06eebb888b6f0c12f13e920b1a"},
    {file = "coverage-5.0.1-cp36-cp36m-macosx_10_13_x86_64.whl", hash = "sha256:eeafb646f374988c22c8e6da5ab9fb81367ecfe81c70c292623373d2a021b1a1"},
    {file = "coverage-5.0.1-cp36-cp36m-manylinux1_i686.whl", hash = "sha256:2ca2cd5264e84b2cafc73f0045437f70c6378c0d7dbcddc9ee3fe192c1e29e5d"},
    {file = "coverage-5.0.1-cp36-cp36m-manylinux1_x86_64.whl", hash = "sha256:2cc707fc9aad2592fc686d63ef72dc0031fc98b6fb921d2f5395d9ab84fbc3ef"},
    {file = "coverage-5.0.1-cp36-cp36m-win32.whl", hash = "sha256:04b961862334687549eb91cd5178a6fbe977ad365bddc7c60f2227f2f9880cf4"},
    {file = "coverage-5.0.1-cp36-cp36m-win_amd64.whl", hash = "sha256:232f0b52a5b978288f0bbc282a6c03fe48cd19a04202df44309919c142b3bb9c"},
    {file = "coverage-5.0.1-cp37-cp37m-macosx_10_13_x86_64.whl", hash = "sha256:cfce79ce41cc1a1dc7fc85bb41eeeb32d34a4cf39a645c717c0550287e30ff06"},
    {file = "coverage-5.0.1-cp37-cp37m-manylinux1_i686.whl", hash = "sha256:46c9c6a1d1190c0b75ec7c0f339088309952b82ae8d67a79ff1319eb4e749b96"},
    {file = "coverage-5.0.1-cp37-cp37m-manylinux1_x86_64.whl", hash = "sha256:1cbb88b34187bdb841f2599770b7e6ff8e259dc3bb64fc7893acf44998acf5f8"},
    {file = "coverage-5.0.1-cp37-cp37m-win32.whl", hash = "sha256:ff3936dd5feaefb4f91c8c1f50a06c588b5dc69fba4f7d9c79a6617ad80bb7df"},
    {file = "coverage-5.0.1-cp37-cp37m-win_amd64.whl", hash = "sha256:65bead1ac8c8930cf92a1ccaedcce19a57298547d5d1db5c9d4d068a0675c38b"},
    {file = "coverage-5.0.1-cp38-cp38-macosx_10_13_x86_64.whl", hash = "sha256:348630edea485f4228233c2f310a598abf8afa5f8c716c02a9698089687b6085"},
    {file = "coverage-5.0.1-cp38-cp38-manylinux1_i686.whl", hash = "sha256:960d7f42277391e8b1c0b0ae427a214e1b31a1278de6b73f8807b20c2e913bba"},
    {file = "coverage-5.0.1-cp38-cp38-manylinux1_x86_64.whl", hash = "sha256:0101888bd1592a20ccadae081ba10e8b204d20235d18d05c6f7d5e904a38fc10"},
    {file = "coverage-5.0.1-cp38-cp38m-win32.whl", hash = "sha256:c0fff2733f7c2950f58a4fd09b5db257b00c6fec57bf3f68c5bae004d804b407"},
    {file = "coverage-5.0.1-cp38-cp38m-win_amd64.whl", hash = "sha256:5f622f19abda4e934938e24f1d67599249abc201844933a6f01aaa8663094489"},
    {file = "coverage-5.0.1-cp39-cp39m-win32.whl", hash = "sha256:2714160a63da18aed9340c70ed514973971ee7e665e6b336917ff4cca81a25b1"},
    {file = "coverage-5.0.1-cp39-cp39m-win_amd64.whl", hash = "sha256:b7dbc5e8c39ea3ad3db22715f1b5401cd698a621218680c6daf42c2f9d36e205"},
    {file = "coverage-5.0.1.tar.gz", hash = "sha256:5ac71bba1e07eab403b082c4428f868c1c9e26a21041436b4905c4c3d4e49b08"},
]
importlib-metadata = [
    {file = "importlib_metadata-1.3.0-py2.py3-none-any.whl", hash = "sha256:d95141fbfa7ef2ec65cfd945e2af7e5a6ddbd7c8d9a25e66ff3be8e3daf9f60f"},
    {file = "importlib_metadata-1.3.0.tar.gz", hash = "sha256:073a852570f92da5f744a3472af1b61e28e9f78ccf0c9117658dc32b15de7b45"},
]
jsonschema = [
    {file = "jsonschema-3.2.0-py2.py3-none-any.whl", hash = "sha256:4e5b3cf8216f577bee9ce139cbe72eca3ea4f292ec60928ff24758ce626cd163"},
    {file = "jsonschema-3.2.0.tar.gz", hash = "sha256:c8a85b28d377cc7737e46e2d9f2b4f44ee3c0e1deac6bf46ddefc7187d30797a"},
]
more-itertools = [
    {file = "more-itertools-8.0.2.tar.gz", hash = "sha256:b84b238cce0d9adad5ed87e745778d20a3f8487d0f0cb8b8a586816c7496458d"},
    {file = "more_itertools-8.0.2-py3-none-any.whl", hash = "sha256:c833ef592a0324bcc6a60e48440da07645063c453880c9477ceb22490aec1564"},
]
numpy = [
    {file = "numpy-1.18.0-cp35-cp35m-macosx_10_6_intel.whl", hash = "sha256:b091e5d4cbbe79f0e8b6b6b522346e54a282eadb06e3fd761e9b6fafc2ca91ad"},
    {file = "numpy-1.18.0-cp35-cp35m-manylinux1_i686.whl", hash = "sha256:443ab93fc35b31f01db8704681eb2fd82f3a1b2fa08eed2dd0e71f1f57423d4a"},
    {file = "numpy-1.18.0-cp35-cp35m-manylinux1_x86_64.whl", hash = "sha256:88c5ccbc4cadf39f32193a5ef22e3f84674418a9fd877c63322917ae8f295a56"},
    {file = "numpy-1.18.0-cp35-cp35m-win32.whl", hash = "sha256:e1080e37c090534adb2dd7ae1c59ee883e5d8c3e63d2a4d43c20ee348d0459c5"},
    {file = "numpy-1.18.0-cp35-cp35m-win_amd64.whl", hash = "sha256:f084d513de729ff10cd72a1f80db468cff464fedb1ef2fea030221a0f62d7ff4"},
    {file = "numpy-1.18.0-cp36-cp36m-macosx_10_9_x86_64.whl", hash = "sha256:1baefd1fb4695e7f2e305467dbd876d765e6edd30c522894df76f8301efaee36"},
    {file = "numpy-1.18.0-cp36-cp36m-manylinux1_i686.whl", hash = "sha256:cc070fc43a494e42732d6ae2f6621db040611c1dde64762a40c8418023af56d7"},
    {file = "numpy-1.18.0-cp36-cp36m-manylinux1_x86_64.whl", hash = "sha256:6f8113c8dbfc192b58996ee77333696469ea121d1c44ea429d8fd266e4c6be51"},
    {file = "numpy-1.18.0-cp36-cp36m-win32.whl", hash = "sha256:a30f5c3e1b1b5d16ec1f03f4df28e08b8a7529d8c920bbed657f4fde61f1fbcd"},
    {file = "numpy-1.18.0-cp36-cp36m-win_amd64.whl", hash = "sha256:3c68c827689ca0ca713dba598335073ce0966850ec0b30715527dce4ecd84055"},
    {file = "numpy-1.18.0-cp37-cp37m-macosx_10_9_x86_64.whl", hash = "sha256:f6a7421da632fc01e8a3ecd19c3f7350258d82501a646747664bae9c6a87c731"},
    {file = "numpy-1.18.0-cp37-cp37m-manylinux1_i686.whl", hash = "sha256:905cd6fa6ac14654a6a32b21fad34670e97881d832e24a3ca32e19b455edb4a8"},
    {file = "numpy-1.18.0-cp37-cp37m-manylinux1_x86_64.whl", hash = "sha256:854f6ed4fa91fa6da5d764558804ba5b0f43a51e5fe9fc4fdc93270b052f188a"},
    {file = "numpy-1.18.0-cp37-cp37m-win32.whl", hash = "sha256:ac3cf835c334fcc6b74dc4e630f9b5ff7b4c43f7fb2a7813208d95d4e10b5623"},
    {file = "numpy-1.18.0-cp37-cp37m-win_amd64.whl", hash = "sha256:62506e9e4d2a39c87984f081a2651d4282a1d706b1a82fe9d50a559bb58e705a"},
    {file = "numpy-1.18.0-cp38-cp38-macosx_10_9_x86_64.whl", hash = "sha256:9d6de2ad782aae68f7ed0e0e616477fbf693d6d7cc5f0f1505833ff12f84a673"},
    {file = "numpy-1.18.0-cp38-cp38-manylinux1_i686.whl", hash = "sha256:1c35fb1131362e6090d30286cfda52ddd42e69d3e2bf1fea190a0fad83ea3a18"},
    {file = "numpy-1.18.0-cp38-cp38-manylinux1_x86_64.whl", hash = "sha256:56710a756c5009af9f35b91a22790701420406d9ac24cf6b652b0e22cfbbb7ff"},
    {file = "numpy-1.18.0-cp38-cp38-win32.whl", hash = "sha256:03bbde29ac8fba860bb2c53a1525b3604a9b60417855ac3119d89868ec6041c3"},
    {file = "numpy-1.18.0-cp38-cp38-win_amd64.whl", hash = "sha256:712f0c32555132f4b641b918bdb1fd3c692909ae916a233ce7f50eac2de87e37"},
    {file = "numpy-1.18.0.zip", hash = "sha256:a9d72d9abaf65628f0f31bbb573b7d9304e43b1e6bbae43149c17737a42764c4"},
]
packaging = [
    {file = "packaging-19.2-py2.py3-none-any.whl", hash = "sha256:d9551545c6d761f3def1677baf08ab2a3ca17c56879e70fecba2fc4dde4ed108"},
    {file = "packaging-19.2.tar.gz", hash = "sha256:28b924174df7a2fa32c1953825ff29c61e2f5e082343165438812f00d3a7fc47"},
]
pathlib2 = [
    {file = "pathlib2-2.3.5-py2.py3-none-any.whl", hash = "sha256:0ec8205a157c80d7acc301c0b18fbd5d44fe655968f5d947b6ecef5290fc35db"},
    {file = "pathlib2-2.3.5.tar.gz", hash = "sha256:6cd9a47b597b37cc57de1c05e56fb1a1c9cc9fab04fe78c29acd090418529868"},
]
pluggy = [
    {file = "pluggy-0.13.1-py2.py3-none-any.whl", hash = "sha256:966c145cd83c96502c3c3868f50408687b38434af77734af1e9ca461a4081d2d"},
    {file = "pluggy-0.13.1.tar.gz", hash = "sha256:15b2acde666561e1298d71b523007ed7364de07029219b604cf808bfa1c765b0"},
]
py = [
    {file = "py-1.8.1-py2.py3-none-any.whl", hash = "sha256:c20fdd83a5dbc0af9efd622bee9a5564e278f6380fffcacc43ba6f43db2813b0"},
    {file = "py-1.8.1.tar.gz", hash = "sha256:5e27081401262157467ad6e7f851b7aa402c5852dbcb3dae06768434de5752aa"},
]
pydicom = [
    {file = "pydicom-1.3.0-py2.py3-none-any.whl", hash = "sha256:ee3a94de180c6337e1443ce346730a784f9027f56175f61ba4dfda632693b843"},
    {file = "pydicom-1.3.0.tar.gz", hash = "sha256:585b0a81843dd021a9baa97d955aa99b2b6aac9b46beff4c4bdc2e3cbda621c8"},
]
pyparsing = [
    {file = "pyparsing-2.4.6-py2.py3-none-any.whl", hash = "sha256:c342dccb5250c08d45fd6f8b4a559613ca603b57498511740e65cd11a2e7dcec"},
    {file = "pyparsing-2.4.6.tar.gz", hash = "sha256:4c830582a84fb022400b85429791bc551f1f4871c33f23e44f353119e92f969f"},
]
pyrsistent = [
    {file = "pyrsistent-0.15.6.tar.gz", hash = "sha256:f3b280d030afb652f79d67c5586157c5c1355c9a58dfc7940566e28d28f3df1b"},
]
pytest = [
    {file = "pytest-5.3.2-py3-none-any.whl", hash = "sha256:e41d489ff43948babd0fad7ad5e49b8735d5d55e26628a58673c39ff61d95de4"},
    {file = "pytest-5.3.2.tar.gz", hash = "sha256:6b571215b5a790f9b41f19f3531c53a45cf6bb8ef2988bc1ff9afb38270b25fa"},
]
simpleitk = [
    {file = "SimpleITK-1.2.4-cp27-cp27m-macosx_10_6_x86_64.whl", hash = "sha256:1be0eb4f33f99618829a94bd86e850df1203edbbd13ccca91f2f4e3937b99f44"},
    {file = "SimpleITK-1.2.4-cp27-cp27m-manylinux1_i686.whl", hash = "sha256:bfc2efde7474bcd406c12830a30099a6fec129114aa670063ba95b1989bafe6b"},
    {file = "SimpleITK-1.2.4-cp27-cp27m-manylinux1_x86_64.whl", hash = "sha256:41103b814c4f1fed7f6d3c96a11426c35d20d0983e2534de1795c7e4481efc14"},
    {file = "SimpleITK-1.2.4-cp27-cp27m-win32.whl", hash = "sha256:cf1ede8cf5aaa6ba714604a4a9bd22238499b40489caee2ad59c0c9e9c741a44"},
    {file = "SimpleITK-1.2.4-cp27-cp27m-win_amd64.whl", hash = "sha256:a9acfa5c79229086b38bb710adf3a3588b7c5c5949f1053898762a484ceed2aa"},
    {file = "SimpleITK-1.2.4-cp27-cp27mu-manylinux1_i686.whl", hash = "sha256:695561d683da3c0d7f009d700e860a885d8dd2ded487fcbfe444c3e54c6bdfb5"},
    {file = "SimpleITK-1.2.4-cp27-cp27mu-manylinux1_x86_64.whl", hash = "sha256:d69aecb47550e2c50b05db889546b8c5b780336057cbd9771a2ac20a04118fb5"},
    {file = "SimpleITK-1.2.4-cp34-cp34m-manylinux1_i686.whl", hash = "sha256:a24729c714eeaa1a6c29df3ffb6e1928d2f4b7556a5790728fa5ab766dcd153d"},
    {file = "SimpleITK-1.2.4-cp34-cp34m-manylinux1_x86_64.whl", hash = "sha256:69a6e0781ea419efb4340b26c65edf977e18a4c9d296d82ecc733efc3f9ca082"},
    {file = "SimpleITK-1.2.4-cp35-cp35m-macosx_10_6_x86_64.whl", hash = "sha256:cfbb53a2c6a9de22884baec878ed7847229e9e2060fe221951290dd5cbb91867"},
    {file = "SimpleITK-1.2.4-cp35-cp35m-manylinux1_i686.whl", hash = "sha256:2bc13c4566f34a255e7041633a358f4050b5ef0aefde957033f846429a957bb1"},
    {file = "SimpleITK-1.2.4-cp35-cp35m-manylinux1_x86_64.whl", hash = "sha256:124482011dedef350860ed0d76dcf9cd35d75455d424a2922e6c8d527c716fd6"},
    {file = "SimpleITK-1.2.4-cp35-cp35m-win32.whl", hash = "sha256:95601f4fb95336fb0ccd7c93dba5888760fb8ff614aba8a255176722ce03e7d9"},
    {file = "SimpleITK-1.2.4-cp35-cp35m-win_amd64.whl", hash = "sha256:cb23db770935eb63c99961862fca21a8daef394cc570e928a780d657d91506a6"},
    {file = "SimpleITK-1.2.4-cp36-cp36m-macosx_10_6_x86_64.whl", hash = "sha256:3f5df96c52392d83fbf9abd47b542e01a9bcaacfb7ca40bae218701038b94c4b"},
    {file = "SimpleITK-1.2.4-cp36-cp36m-manylinux1_i686.whl", hash = "sha256:ff94f4f48533f827b0f9d589f6a38a28aa0fd4ca8a9ba3c4ee50f31f1ce5ad14"},
    {file = "SimpleITK-1.2.4-cp36-cp36m-manylinux1_x86_64.whl", hash = "sha256:9efe874383b159a06a5b7845dbca4dfa8ba7d620bc9c0d2fd2e6e52b74ab6890"},
    {file = "SimpleITK-1.2.4-cp36-cp36m-win32.whl", hash = "sha256:1ebc7961008f6926163d803ca42eec251e87e3601c16cfd7b95147d6ea8857a0"},
    {file = "SimpleITK-1.2.4-cp36-cp36m-win_amd64.whl", hash = "sha256:6bf3d32db2b3d9da0ffb2d988bb6d75e86afd6b54a51a6828d4a7ba98117ab7a"},
    {file = "SimpleITK-1.2.4-cp37-cp37m-macosx_10_6_x86_64.whl", hash = "sha256:bdc1521ee7e197e8019b80abc8039790a170c6ea1b76f091fbe424a56327afbf"},
    {file = "SimpleITK-1.2.4-cp37-cp37m-manylinux1_i686.whl", hash = "sha256:dc52a622d4ec6accb2179a405553aaac61157e2691b16b33563498c5c7d9ee51"},
    {file = "SimpleITK-1.2.4-cp37-cp37m-manylinux1_x86_64.whl", hash = "sha256:884857528ad1d710f44429cc78c580ee5c51f0a5bbb205a4ed10012d722cfde5"},
    {file = "SimpleITK-1.2.4-cp37-cp37m-win32.whl", hash = "sha256:56c03426f48107624c16ce13ecf689a55d7c5b170dd0096bda6494f1d52b5fa5"},
    {file = "SimpleITK-1.2.4-cp37-cp37m-win_amd64.whl", hash = "sha256:53e06515eae75baa7c6ad0a205206fa1835f5d57d9afb1996ed0b49f31133d8f"},
    {file = "SimpleITK-1.2.4-cp38-cp38-macosx_10_6_x86_64.whl", hash = "sha256:74c2467f8c755076e49416e6c07d195bdfc06ea39b6143ceda19460e0d8c9e0b"},
    {file = "SimpleITK-1.2.4-cp38-cp38-manylinux1_i686.whl", hash = "sha256:bb41e103381981404bee82cf884c56b22633e7c8d29984c1bb2aa1bbe32f6a06"},
    {file = "SimpleITK-1.2.4-cp38-cp38-manylinux1_x86_64.whl", hash = "sha256:3ca6e5f798121bb4c86214a480f74c9211d8d9def7081778083ed97502f37892"},
    {file = "SimpleITK-1.2.4-cp38-cp38-win32.whl", hash = "sha256:859421aded539f96c022c289120db21cf7e9dadf59652e52dcc18d87c5cd70e4"},
    {file = "SimpleITK-1.2.4-cp38-cp38-win_amd64.whl", hash = "sha256:0d5b60a090bd978b63238a77b97e4aaf109499048ff7a50b23c0dc9159abfb37"},
]
six = [
    {file = "six-1.13.0-py2.py3-none-any.whl", hash = "sha256:1f1b7d42e254082a9db6279deae68afb421ceba6158efa6131de7b3003ee93fd"},
    {file = "six-1.13.0.tar.gz", hash = "sha256:30f610279e8b2578cab6db20741130331735c781b56053c59c4076da27f06b66"},
]
wcwidth = [
    {file = "wcwidth-0.1.8-py2.py3-none-any.whl", hash = "sha256:8fd29383f539be45b20bd4df0dc29c20ba48654a41e661925e612311e9f3c603"},
    {file = "wcwidth-0.1.8.tar.gz", hash = "sha256:f28b3e8a6483e5d49e7f8949ac1a78314e740333ae305b4ba5defd3e74fb37a8"},
]
zipp = [
    {file = "zipp-0.6.0-py2.py3-none-any.whl", hash = "sha256:f06903e9f1f43b12d371004b4ac7b06ab39a44adc747266928ae6debfa7b3335"},
    {file = "zipp-0.6.0.tar.gz", hash = "sha256:3718b1cbcd963c7d4c5511a8240812904164b7f381b647143a89d3b98f9bcd8e"},
]
